{
  "name": "chatbot-client",
  "version": "1.0.0",
  "lockfileVersion": 3,
  "requires": true,
  "packages": {
    "": {
      "name": "chatbot-client",
      "version": "1.0.0",
      "license": "ISC",
      "dependencies": {
        "@ikermedia/chatbot": "^1.0.6"
      }
    },
    "node_modules/@ikermedia/chatbot": {
      "version": "1.0.6",
      "resolved": "https://registry.npmjs.org/@ikermedia/chatbot/-/chatbot-1.0.6.tgz",
      "integrity": "sha512-p1JNIIG3GghGDBQH4TfFGCmNKz8myXUKX/vXEhWtSAko+e7F+dn6r43TMaCpn145n/kYeFofhKSrG3HaSB4PJw==",
      "license": "ISC"
    }
  }
}
